
Microsoft Visual Studio Solution File, Format Version 12.00
# Visual Studio Version 16
VisualStudioVersion = 16.0.31911.196
MinimumVisualStudioVersion = 10.0.40219.1
Project("{FAE04EC0-301F-11D3-BF4B-00C04F79EFBC}") = "MicrosoftTeamsMonitor", "MicrosoftTeamsMonitor\MicrosoftTeamsMonitor.csproj", "{57BA65C3-EA51-4235-AC70-B363CC75D39F}"
EndProject
Project("{2150E333-8FDC-42A3-9474-1A3956D46DE8}") = "Solution Items", "Solution Items", "{436FC3B2-924B-49A2-BAFB-C7F297AF98AA}"
EndProject
Global
	GlobalSection(SolutionConfigurationPlatforms) = preSolution
		Debug|Any CPU = Debug|Any CPU
		Release|Any CPU = Release|Any CPU
	EndGlobalSection
	GlobalSection(ProjectConfigurationPlatforms) = postSolution
		{57BA65C3-EA51-4235-AC70-B363CC75D39F}.Debug|Any CPU.ActiveCfg = Debug|Any CPU
		{57BA65C3-EA51-4235-AC70-B363CC75D39F}.Debug|Any CPU.Build.0 = Debug|Any CPU
		{57BA65C3-EA51-4235-AC70-B363CC75D39F}.Release|Any CPU.ActiveCfg = Release|Any CPU
		{57BA65C3-EA51-4235-AC70-B363CC75D39F}.Release|Any CPU.Build.0 = Release|Any CPU
	EndGlobalSection
	GlobalSection(SolutionProperties) = preSolution
		HideSolutionNode = FALSE
	EndGlobalSection
	GlobalSection(ExtensibilityGlobals) = postSolution
		SolutionGuid = {4BB7B701-2500-4883-8058-C0987CC90709}
	EndGlobalSection
EndGlobal
